
Microsoft Visual Studio Solution File, Format Version 12.00
# Visual Studio 15
VisualStudioVersion = 15.0.28010.2036
MinimumVisualStudioVersion = 10.0.40219.1
Project("{FAE04EC0-301F-11D3-BF4B-00C04F79EFBC}") = "AdoQRCode", "AdoQRCode\AdoQRCode.csproj", "{596AA5AF-8798-4C30-A2F7-15012B2EE771}"
EndProject
Global
	GlobalSection(SolutionConfigurationPlatforms) = preSolution
		Debug|Any CPU = Debug|Any CPU
		Release|Any CPU = Release|Any CPU
	EndGlobalSection
	GlobalSection(ProjectConfigurationPlatforms) = postSolution
		{596AA5AF-8798-4C30-A2F7-15012B2EE771}.Debug|Any CPU.ActiveCfg = Debug|Any CPU
		{596AA5AF-8798-4C30-A2F7-15012B2EE771}.Debug|Any CPU.Build.0 = Debug|Any CPU
		{596AA5AF-8798-4C30-A2F7-15012B2EE771}.Release|Any CPU.ActiveCfg = Release|Any CPU
		{596AA5AF-8798-4C30-A2F7-15012B2EE771}.Release|Any CPU.Build.0 = Release|Any CPU
	EndGlobalSection
	GlobalSection(SolutionProperties) = preSolution
		HideSolutionNode = FALSE
	EndGlobalSection
	GlobalSection(ExtensibilityGlobals) = postSolution
		SolutionGuid = {640AAC57-63C1-4719-894C-2BDEC2BDDD7B}
	EndGlobalSection
EndGlobal
